// !$*UTF8*$!
{
	archiveVersion = 1;
	classes = {
	};
	objectVersion = 50;
	objects = {

/* Begin PBXBuildFile section */
		6E0C072827D203820070125E /* AppDelegate.swift in Sources */ = {isa = PBXBuildFile; fileRef = 6E0C072727D203820070125E /* AppDelegate.swift */; };
		6E0C072A27D203820070125E /* SceneDelegate.swift in Sources */ = {isa = PBXBuildFile; fileRef = 6E0C072927D203820070125E /* SceneDelegate.swift */; };
		6E0C072F27D203830070125E /* Main.storyboard in Resources */ = {isa = PBXBuildFile; fileRef = 6E0C072D27D203830070125E /* Main.storyboard */; };
		6E0C073127D203870070125E /* Assets.xcassets in Resources */ = {isa = PBXBuildFile; fileRef = 6E0C073027D203870070125E /* Assets.xcassets */; };
		6E0C073427D203870070125E /* LaunchScreen.storyboard in Resources */ = {isa = PBXBuildFile; fileRef = 6E0C073227D203870070125E /* LaunchScreen.storyboard */; };
		6E55186127FDD66F00A59261 /* LikeControl.swift in Sources */ = {isa = PBXBuildFile; fileRef = 6E55186027FDD66E00A59261 /* LikeControl.swift */; };
		6E55189227FF3D6600A59261 /* MakeShadow.swift in Sources */ = {isa = PBXBuildFile; fileRef = 6E55189127FF3D6500A59261 /* MakeShadow.swift */; };
		6E6B0C6F27E9E137008FACC7 /* FriendsTableVС.swift in Sources */ = {isa = PBXBuildFile; fileRef = 6E6B0C6E27E9E137008FACC7 /* FriendsTableVС.swift */; };
		6E8768A627D87910007E1EE4 /* LoginViewController.swift in Sources */ = {isa = PBXBuildFile; fileRef = 6E8768A527D87910007E1EE4 /* LoginViewController.swift */; };
		6EF0256227ED910C007C8D90 /* PhotoCollectionVC.swift in Sources */ = {isa = PBXBuildFile; fileRef = 6EF0256127ED910C007C8D90 /* PhotoCollectionVC.swift */; };
		6EF0256427ED916E007C8D90 /* GroupTableVC.swift in Sources */ = {isa = PBXBuildFile; fileRef = 6EF0256327ED916D007C8D90 /* GroupTableVC.swift */; };
		6EF0256627ED91DF007C8D90 /* GlobalSearchTableVC.swift in Sources */ = {isa = PBXBuildFile; fileRef = 6EF0256527ED91DF007C8D90 /* GlobalSearchTableVC.swift */; };
		6EF0256E27F1BBBC007C8D90 /* FriendsTableViewCell.swift in Sources */ = {isa = PBXBuildFile; fileRef = 6EF0256D27F1BBBC007C8D90 /* FriendsTableViewCell.swift */; };
		6EF0257127F2CA9A007C8D90 /* Friend.swift in Sources */ = {isa = PBXBuildFile; fileRef = 6EF0257027F2CA9A007C8D90 /* Friend.swift */; };
		6EF0257327F2CAD9007C8D90 /* Group.swift in Sources */ = {isa = PBXBuildFile; fileRef = 6EF0257227F2CAD9007C8D90 /* Group.swift */; };
		6EF0257527F309D0007C8D90 /* PhotoCollectionViewCell.swift in Sources */ = {isa = PBXBuildFile; fileRef = 6EF0257427F309CF007C8D90 /* PhotoCollectionViewCell.swift */; };
		6EF0257727F4556C007C8D90 /* GroupTableViewCell.swift in Sources */ = {isa = PBXBuildFile; fileRef = 6EF0257627F4556C007C8D90 /* GroupTableViewCell.swift */; };
		6EF0257A27F4614A007C8D90 /* GlobalSearchTableViewCell.swift in Sources */ = {isa = PBXBuildFile; fileRef = 6EF0257927F4614A007C8D90 /* GlobalSearchTableViewCell.swift */; };
/* End PBXBuildFile section */

/* Begin PBXFileReference section */
		6E0C072427D203820070125E /* second-course-uikit.app */ = {isa = PBXFileReference; explicitFileType = wrapper.application; includeInIndex = 0; path = "second-course-uikit.app"; sourceTree = BUILT_PRODUCTS_DIR; };
		6E0C072727D203820070125E /* AppDelegate.swift */ = {isa = PBXFileReference; lastKnownFileType = sourcecode.swift; path = AppDelegate.swift; sourceTree = "<group>"; };
		6E0C072927D203820070125E /* SceneDelegate.swift */ = {isa = PBXFileReference; lastKnownFileType = sourcecode.swift; path = SceneDelegate.swift; sourceTree = "<group>"; };
		6E0C072E27D203830070125E /* Base */ = {isa = PBXFileReference; lastKnownFileType = file.storyboard; name = Base; path = Base.lproj/Main.storyboard; sourceTree = "<group>"; };
		6E0C073027D203870070125E /* Assets.xcassets */ = {isa = PBXFileReference; lastKnownFileType = folder.assetcatalog; path = Assets.xcassets; sourceTree = "<group>"; };
		6E0C073327D203870070125E /* Base */ = {isa = PBXFileReference; lastKnownFileType = file.storyboard; name = Base; path = Base.lproj/LaunchScreen.storyboard; sourceTree = "<group>"; };
		6E0C073527D203880070125E /* Info.plist */ = {isa = PBXFileReference; lastKnownFileType = text.plist.xml; path = Info.plist; sourceTree = "<group>"; };
		6E55186027FDD66E00A59261 /* LikeControl.swift */ = {isa = PBXFileReference; lastKnownFileType = sourcecode.swift; path = LikeControl.swift; sourceTree = "<group>"; };
		6E55189127FF3D6500A59261 /* MakeShadow.swift */ = {isa = PBXFileReference; lastKnownFileType = sourcecode.swift; path = MakeShadow.swift; sourceTree = "<group>"; };
		6E6B0C6E27E9E137008FACC7 /* FriendsTableVС.swift */ = {isa = PBXFileReference; lastKnownFileType = sourcecode.swift; path = "FriendsTableVС.swift"; sourceTree = "<group>"; };
		6E8768A527D87910007E1EE4 /* LoginViewController.swift */ = {isa = PBXFileReference; lastKnownFileType = sourcecode.swift; path = LoginViewController.swift; sourceTree = "<group>"; };
		6EF0256127ED910C007C8D90 /* PhotoCollectionVC.swift */ = {isa = PBXFileReference; lastKnownFileType = sourcecode.swift; path = PhotoCollectionVC.swift; sourceTree = "<group>"; };
		6EF0256327ED916D007C8D90 /* GroupTableVC.swift */ = {isa = PBXFileReference; lastKnownFileType = sourcecode.swift; path = GroupTableVC.swift; sourceTree = "<group>"; };
		6EF0256527ED91DF007C8D90 /* GlobalSearchTableVC.swift */ = {isa = PBXFileReference; lastKnownFileType = sourcecode.swift; path = GlobalSearchTableVC.swift; sourceTree = "<group>"; };
		6EF0256D27F1BBBC007C8D90 /* FriendsTableViewCell.swift */ = {isa = PBXFileReference; lastKnownFileType = sourcecode.swift; path = FriendsTableViewCell.swift; sourceTree = "<group>"; };
		6EF0257027F2CA9A007C8D90 /* Friend.swift */ = {isa = PBXFileReference; lastKnownFileType = sourcecode.swift; path = Friend.swift; sourceTree = "<group>"; };
		6EF0257227F2CAD9007C8D90 /* Group.swift */ = {isa = PBXFileReference; lastKnownFileType = sourcecode.swift; path = Group.swift; sourceTree = "<group>"; };
		6EF0257427F309CF007C8D90 /* PhotoCollectionViewCell.swift */ = {isa = PBXFileReference; lastKnownFileType = sourcecode.swift; path = PhotoCollectionViewCell.swift; sourceTree = "<group>"; };
		6EF0257627F4556C007C8D90 /* GroupTableViewCell.swift */ = {isa = PBXFileReference; lastKnownFileType = sourcecode.swift; path = GroupTableViewCell.swift; sourceTree = "<group>"; };
		6EF0257927F4614A007C8D90 /* GlobalSearchTableViewCell.swift */ = {isa = PBXFileReference; lastKnownFileType = sourcecode.swift; path = GlobalSearchTableViewCell.swift; sourceTree = "<group>"; };
/* End PBXFileReference section */

/* Begin PBXFrameworksBuildPhase section */
		6E0C072127D203820070125E /* Frameworks */ = {
			isa = PBXFrameworksBuildPhase;
			buildActionMask = 2147483647;
			files = (
			);
			runOnlyForDeploymentPostprocessing = 0;
		};
/* End PBXFrameworksBuildPhase section */

/* Begin PBXGroup section */
		6E0C071B27D203820070125E = {
			isa = PBXGroup;
			children = (
				6E0C072627D203820070125E /* second-course-uikit */,
				6E0C072527D203820070125E /* Products */,
			);
			sourceTree = "<group>";
		};
		6E0C072527D203820070125E /* Products */ = {
			isa = PBXGroup;
			children = (
				6E0C072427D203820070125E /* second-course-uikit.app */,
			);
			name = Products;
			sourceTree = "<group>";
		};
		6E0C072627D203820070125E /* second-course-uikit */ = {
			isa = PBXGroup;
			children = (
				6EF0256F27F2CA23007C8D90 /* Model */,
				6EF0256B27F1B9CF007C8D90 /* LoginViewController */,
				6EF0256A27F1B9B3007C8D90 /* GlobalSearch */,
				6EF0256927F1B99F007C8D90 /* Groups */,
				6EF0256827F1B98D007C8D90 /* Photo */,
				6EF0256727F1B96C007C8D90 /* Friends */,
				6E0C072D27D203830070125E /* Main.storyboard */,
				6E0C072727D203820070125E /* AppDelegate.swift */,
				6E0C072927D203820070125E /* SceneDelegate.swift */,
				6E0C073227D203870070125E /* LaunchScreen.storyboard */,
				6E0C073527D203880070125E /* Info.plist */,
				6E0C073027D203870070125E /* Assets.xcassets */,
			);
			path = "second-course-uikit";
			sourceTree = "<group>";
		};
		6EF0256727F1B96C007C8D90 /* Friends */ = {
			isa = PBXGroup;
			children = (
				6E6B0C6E27E9E137008FACC7 /* FriendsTableVС.swift */,
				6EF0256D27F1BBBC007C8D90 /* FriendsTableViewCell.swift */,
			);
			path = Friends;
			sourceTree = "<group>";
		};
		6EF0256827F1B98D007C8D90 /* Photo */ = {
			isa = PBXGroup;
			children = (
				6EF0256127ED910C007C8D90 /* PhotoCollectionVC.swift */,
				6EF0257427F309CF007C8D90 /* PhotoCollectionViewCell.swift */,
				6E55186027FDD66E00A59261 /* LikeControl.swift */,
			);
			path = Photo;
			sourceTree = "<group>";
		};
		6EF0256927F1B99F007C8D90 /* Groups */ = {
			isa = PBXGroup;
			children = (
				6EF0256327ED916D007C8D90 /* GroupTableVC.swift */,
				6EF0257627F4556C007C8D90 /* GroupTableViewCell.swift */,
			);
			path = Groups;
			sourceTree = "<group>";
		};
		6EF0256A27F1B9B3007C8D90 /* GlobalSearch */ = {
			isa = PBXGroup;
			children = (
				6EF0256527ED91DF007C8D90 /* GlobalSearchTableVC.swift */,
				6EF0257927F4614A007C8D90 /* GlobalSearchTableViewCell.swift */,
			);
			path = GlobalSearch;
			sourceTree = "<group>";
		};
		6EF0256B27F1B9CF007C8D90 /* LoginViewController */ = {
			isa = PBXGroup;
			children = (
				6E8768A527D87910007E1EE4 /* LoginViewController.swift */,
			);
			path = LoginViewController;
			sourceTree = "<group>";
		};
		6EF0256F27F2CA23007C8D90 /* Model */ = {
			isa = PBXGroup;
			children = (
				6EF0257027F2CA9A007C8D90 /* Friend.swift */,
				6EF0257227F2CAD9007C8D90 /* Group.swift */,
				6E55189127FF3D6500A59261 /* MakeShadow.swift */,
			);
			path = Model;
			sourceTree = "<group>";
		};
/* End PBXGroup section */

/* Begin PBXNativeTarget section */
		6E0C072327D203820070125E /* second-course-uikit */ = {
			isa = PBXNativeTarget;
			buildConfigurationList = 6E0C073827D203880070125E /* Build configuration list for PBXNativeTarget "second-course-uikit" */;
			buildPhases = (
				6E0C072027D203820070125E /* Sources */,
				6E0C072127D203820070125E /* Frameworks */,
				6E0C072227D203820070125E /* Resources */,
			);
			buildRules = (
			);
			dependencies = (
			);
			name = "second-course-uikit";
			productName = "second-course-uikit";
			productReference = 6E0C072427D203820070125E /* second-course-uikit.app */;
			productType = "com.apple.product-type.application";
		};
/* End PBXNativeTarget section */

/* Begin PBXProject section */
		6E0C071C27D203820070125E /* Project object */ = {
			isa = PBXProject;
			attributes = {
				LastSwiftUpdateCheck = 1250;
				LastUpgradeCheck = 1250;
				TargetAttributes = {
					6E0C072327D203820070125E = {
						CreatedOnToolsVersion = 12.5.1;
					};
				};
			};
			buildConfigurationList = 6E0C071F27D203820070125E /* Build configuration list for PBXProject "second-course-uikit" */;
			compatibilityVersion = "Xcode 9.3";
			developmentRegion = en;
			hasScannedForEncodings = 0;
			knownRegions = (
				en,
				Base,
			);
			mainGroup = 6E0C071B27D203820070125E;
			productRefGroup = 6E0C072527D203820070125E /* Products */;
			projectDirPath = "";
			projectRoot = "";
			targets = (
				6E0C072327D203820070125E /* second-course-uikit */,
			);
		};
/* End PBXProject section */

/* Begin PBXResourcesBuildPhase section */
		6E0C072227D203820070125E /* Resources */ = {
			isa = PBXResourcesBuildPhase;
			buildActionMask = 2147483647;
			files = (
				6E0C073427D203870070125E /* LaunchScreen.storyboard in Resources */,
				6E0C073127D203870070125E /* Assets.xcassets in Resources */,
				6E0C072F27D203830070125E /* Main.storyboard in Resources */,
			);
			runOnlyForDeploymentPostprocessing = 0;
		};
/* End PBXResourcesBuildPhase section */

/* Begin PBXSourcesBuildPhase section */
		6E0C072027D203820070125E /* Sources */ = {
			isa = PBXSourcesBuildPhase;
			buildActionMask = 2147483647;
			files = (
				6E0C072827D203820070125E /* AppDelegate.swift in Sources */,
				6E8768A627D87910007E1EE4 /* LoginViewController.swift in Sources */,
				6E55186127FDD66F00A59261 /* LikeControl.swift in Sources */,
				6E6B0C6F27E9E137008FACC7 /* FriendsTableVС.swift in Sources */,
				6EF0257727F4556C007C8D90 /* GroupTableViewCell.swift in Sources */,
				6EF0257327F2CAD9007C8D90 /* Group.swift in Sources */,
				6EF0256E27F1BBBC007C8D90 /* FriendsTableViewCell.swift in Sources */,
				6EF0257A27F4614A007C8D90 /* GlobalSearchTableViewCell.swift in Sources */,
				6E55189227FF3D6600A59261 /* MakeShadow.swift in Sources */,
				6E0C072A27D203820070125E /* SceneDelegate.swift in Sources */,
				6EF0256627ED91DF007C8D90 /* GlobalSearchTableVC.swift in Sources */,
				6EF0257127F2CA9A007C8D90 /* Friend.swift in Sources */,
				6EF0256227ED910C007C8D90 /* PhotoCollectionVC.swift in Sources */,
				6EF0257527F309D0007C8D90 /* PhotoCollectionViewCell.swift in Sources */,
				6EF0256427ED916E007C8D90 /* GroupTableVC.swift in Sources */,
			);
			runOnlyForDeploymentPostprocessing = 0;
		};
/* End PBXSourcesBuildPhase section */

/* Begin PBXVariantGroup section */
		6E0C072D27D203830070125E /* Main.storyboard */ = {
			isa = PBXVariantGroup;
			children = (
				6E0C072E27D203830070125E /* Base */,
			);
			name = Main.storyboard;
			sourceTree = "<group>";
		};
		6E0C073227D203870070125E /* LaunchScreen.storyboard */ = {
			isa = PBXVariantGroup;
			children = (
				6E0C073327D203870070125E /* Base */,
			);
			name = LaunchScreen.storyboard;
			sourceTree = "<group>";
		};
/* End PBXVariantGroup section */

/* Begin XCBuildConfiguration section */
		6E0C073627D203880070125E /* Debug */ = {
			isa = XCBuildConfiguration;
			buildSettings = {
				ALWAYS_SEARCH_USER_PATHS = NO;
				CLANG_ANALYZER_NONNULL = YES;
				CLANG_ANALYZER_NUMBER_OBJECT_CONVERSION = YES_AGGRESSIVE;
				CLANG_CXX_LANGUAGE_STANDARD = "gnu++14";
				CLANG_CXX_LIBRARY = "libc++";
				CLANG_ENABLE_MODULES = YES;
				CLANG_ENABLE_OBJC_ARC = YES;
				CLANG_ENABLE_OBJC_WEAK = YES;
				CLANG_WARN_BLOCK_CAPTURE_AUTORELEASING = YES;
				CLANG_WARN_BOOL_CONVERSION = YES;
				CLANG_WARN_COMMA = YES;
				CLANG_WARN_CONSTANT_CONVERSION = YES;
				CLANG_WARN_DEPRECATED_OBJC_IMPLEMENTATIONS = YES;
				CLANG_WARN_DIRECT_OBJC_ISA_USAGE = YES_ERROR;
				CLANG_WARN_DOCUMENTATION_COMMENTS = YES;
				CLANG_WARN_EMPTY_BODY = YES;
				CLANG_WARN_ENUM_CONVERSION = YES;
				CLANG_WARN_INFINITE_RECURSION = YES;
				CLANG_WARN_INT_CONVERSION = YES;
				CLANG_WARN_NON_LITERAL_NULL_CONVERSION = YES;
				CLANG_WARN_OBJC_IMPLICIT_RETAIN_SELF = YES;
				CLANG_WARN_OBJC_LITERAL_CONVERSION = YES;
				CLANG_WARN_OBJC_ROOT_CLASS = YES_ERROR;
				CLANG_WARN_QUOTED_INCLUDE_IN_FRAMEWORK_HEADER = YES;
				CLANG_WARN_RANGE_LOOP_ANALYSIS = YES;
				CLANG_WARN_STRICT_PROTOTYPES = YES;
				CLANG_WARN_SUSPICIOUS_MOVE = YES;
				CLANG_WARN_UNGUARDED_AVAILABILITY = YES_AGGRESSIVE;
				CLANG_WARN_UNREACHABLE_CODE = YES;
				CLANG_WARN__DUPLICATE_METHOD_MATCH = YES;
				COPY_PHASE_STRIP = NO;
				DEBUG_INFORMATION_FORMAT = dwarf;
				ENABLE_STRICT_OBJC_MSGSEND = YES;
				ENABLE_TESTABILITY = YES;
				GCC_C_LANGUAGE_STANDARD = gnu11;
				GCC_DYNAMIC_NO_PIC = NO;
				GCC_NO_COMMON_BLOCKS = YES;
				GCC_OPTIMIZATION_LEVEL = 0;
				GCC_PREPROCESSOR_DEFINITIONS = (
					"DEBUG=1",
					"$(inherited)",
				);
				GCC_WARN_64_TO_32_BIT_CONVERSION = YES;
				GCC_WARN_ABOUT_RETURN_TYPE = YES_ERROR;
				GCC_WARN_UNDECLARED_SELECTOR = YES;
				GCC_WARN_UNINITIALIZED_AUTOS = YES_AGGRESSIVE;
				GCC_WARN_UNUSED_FUNCTION = YES;
				GCC_WARN_UNUSED_VARIABLE = YES;
				IPHONEOS_DEPLOYMENT_TARGET = 14.5;
				MTL_ENABLE_DEBUG_INFO = INCLUDE_SOURCE;
				MTL_FAST_MATH = YES;
				ONLY_ACTIVE_ARCH = YES;
				SDKROOT = iphoneos;
				SWIFT_ACTIVE_COMPILATION_CONDITIONS = DEBUG;
				SWIFT_OPTIMIZATION_LEVEL = "-Onone";
			};
			name = Debug;
		};
		6E0C073727D203880070125E /* Release */ = {
			isa = XCBuildConfiguration;
			buildSettings = {
				ALWAYS_SEARCH_USER_PATHS = NO;
				CLANG_ANALYZER_NONNULL = YES;
				CLANG_ANALYZER_NUMBER_OBJECT_CONVERSION = YES_AGGRESSIVE;
				CLANG_CXX_LANGUAGE_STANDARD = "gnu++14";
				CLANG_CXX_LIBRARY = "libc++";
				CLANG_ENABLE_MODULES = YES;
				CLANG_ENABLE_OBJC_ARC = YES;
				CLANG_ENABLE_OBJC_WEAK = YES;
				CLANG_WARN_BLOCK_CAPTURE_AUTORELEASING = YES;
				CLANG_WARN_BOOL_CONVERSION = YES;
				CLANG_WARN_COMMA = YES;
				CLANG_WARN_CONSTANT_CONVERSION = YES;
				CLANG_WARN_DEPRECATED_OBJC_IMPLEMENTATIONS = YES;
				CLANG_WARN_DIRECT_OBJC_ISA_USAGE = YES_ERROR;
				CLANG_WARN_DOCUMENTATION_COMMENTS = YES;
				CLANG_WARN_EMPTY_BODY = YES;
				CLANG_WARN_ENUM_CONVERSION = YES;
				CLANG_WARN_INFINITE_RECURSION = YES;
				CLANG_WARN_INT_CONVERSION = YES;
				CLANG_WARN_NON_LITERAL_NULL_CONVERSION = YES;
				CLANG_WARN_OBJC_IMPLICIT_RETAIN_SELF = YES;
				CLANG_WARN_OBJC_LITERAL_CONVERSION = YES;
				CLANG_WARN_OBJC_ROOT_CLASS = YES_ERROR;
				CLANG_WARN_QUOTED_INCLUDE_IN_FRAMEWORK_HEADER = YES;
				CLANG_WARN_RANGE_LOOP_ANALYSIS = YES;
				CLANG_WARN_STRICT_PROTOTYPES = YES;
				CLANG_WARN_SUSPICIOUS_MOVE = YES;
				CLANG_WARN_UNGUARDED_AVAILABILITY = YES_AGGRESSIVE;
				CLANG_WARN_UNREACHABLE_CODE = YES;
				CLANG_WARN__DUPLICATE_METHOD_MATCH = YES;
				COPY_PHASE_STRIP = NO;
				DEBUG_INFORMATION_FORMAT = "dwarf-with-dsym";
				ENABLE_NS_ASSERTIONS = NO;
				ENABLE_STRICT_OBJC_MSGSEND = YES;
				GCC_C_LANGUAGE_STANDARD = gnu11;
				GCC_NO_COMMON_BLOCKS = YES;
				GCC_WARN_64_TO_32_BIT_CONVERSION = YES;
				GCC_WARN_ABOUT_RETURN_TYPE = YES_ERROR;
				GCC_WARN_UNDECLARED_SELECTOR = YES;
				GCC_WARN_UNINITIALIZED_AUTOS = YES_AGGRESSIVE;
				GCC_WARN_UNUSED_FUNCTION = YES;
				GCC_WARN_UNUSED_VARIABLE = YES;
				IPHONEOS_DEPLOYMENT_TARGET = 14.5;
				MTL_ENABLE_DEBUG_INFO = NO;
				MTL_FAST_MATH = YES;
				SDKROOT = iphoneos;
				SWIFT_COMPILATION_MODE = wholemodule;
				SWIFT_OPTIMIZATION_LEVEL = "-O";
				VALIDATE_PRODUCT = YES;
			};
			name = Release;
		};
		6E0C073927D203880070125E /* Debug */ = {
			isa = XCBuildConfiguration;
			buildSettings = {
				ASSETCATALOG_COMPILER_APPICON_NAME = AppIcon;
				ASSETCATALOG_COMPILER_GLOBAL_ACCENT_COLOR_NAME = AccentColor;
				CODE_SIGN_STYLE = Automatic;
				DEVELOPMENT_TEAM = 87264J34P2;
				INFOPLIST_FILE = "second-course-uikit/Info.plist";
				LD_RUNPATH_SEARCH_PATHS = (
					"$(inherited)",
					"@executable_path/Frameworks",
				);
				PRODUCT_BUNDLE_IDENTIFIER = "Murygina-Natalya.second-course-uikit";
				PRODUCT_NAME = "$(TARGET_NAME)";
				SWIFT_VERSION = 5.0;
				TARGETED_DEVICE_FAMILY = "1,2";
			};
			name = Debug;
		};
		6E0C073A27D203880070125E /* Release */ = {
			isa = XCBuildConfiguration;
			buildSettings = {
				ASSETCATALOG_COMPILER_APPICON_NAME = AppIcon;
				ASSETCATALOG_COMPILER_GLOBAL_ACCENT_COLOR_NAME = AccentColor;
				CODE_SIGN_STYLE = Automatic;
				DEVELOPMENT_TEAM = 87264J34P2;
				INFOPLIST_FILE = "second-course-uikit/Info.plist";
				LD_RUNPATH_SEARCH_PATHS = (
					"$(inherited)",
					"@executable_path/Frameworks",
				);
				PRODUCT_BUNDLE_IDENTIFIER = "Murygina-Natalya.second-course-uikit";
				PRODUCT_NAME = "$(TARGET_NAME)";
				SWIFT_VERSION = 5.0;
				TARGETED_DEVICE_FAMILY = "1,2";
			};
			name = Release;
		};
/* End XCBuildConfiguration section */

/* Begin XCConfigurationList section */
		6E0C071F27D203820070125E /* Build configuration list for PBXProject "second-course-uikit" */ = {
			isa = XCConfigurationList;
			buildConfigurations = (
				6E0C073627D203880070125E /* Debug */,
				6E0C073727D203880070125E /* Release */,
			);
			defaultConfigurationIsVisible = 0;
			defaultConfigurationName = Release;
		};
		6E0C073827D203880070125E /* Build configuration list for PBXNativeTarget "second-course-uikit" */ = {
			isa = XCConfigurationList;
			buildConfigurations = (
				6E0C073927D203880070125E /* Debug */,
				6E0C073A27D203880070125E /* Release */,
			);
			defaultConfigurationIsVisible = 0;
			defaultConfigurationName = Release;
		};
/* End XCConfigurationList section */
	};
	rootObject = 6E0C071C27D203820070125E /* Project object */;
}
